
Microsoft Visual Studio Solution File, Format Version 12.00
# Visual Studio Version 17
VisualStudioVersion = 17.3.32804.467
MinimumVisualStudioVersion = 10.0.40219.1
Project("{9A19103F-16F7-4668-BE54-9A1E7A4F7556}") = "Lab1", "Lab1\Lab1.csproj", "{52D3E68A-47B3-460B-9B4A-AF8BF8F67531}"
EndProject
Project("{9A19103F-16F7-4668-BE54-9A1E7A4F7556}") = "Lab2", "Lab2\Lab2.csproj", "{25E7409D-C644-4136-8AEB-B1A625CA8876}"
EndProject
Project("{9A19103F-16F7-4668-BE54-9A1E7A4F7556}") = "Lab3", "Lab3\Lab3.csproj", "{EE8ED323-EBCF-4369-A6FF-DDAC0F449A03}"
EndProject
Project("{9A19103F-16F7-4668-BE54-9A1E7A4F7556}") = "Lab4", "Lab4\Lab4.csproj", "{3FB70E27-B11D-409C-B801-084922D2B7F5}"
EndProject
Project("{9A19103F-16F7-4668-BE54-9A1E7A4F7556}") = "CourseWork", "CourseWork\CourseWork.csproj", "{9786E48F-1F03-48DA-B279-396EA47786A7}"
EndProject
Project("{9A19103F-16F7-4668-BE54-9A1E7A4F7556}") = "Spring_Lab1", "Spring_Lab1\Spring_Lab1.csproj", "{6661F1FF-A665-4B09-B967-7429099FC04B}"
EndProject
Project("{9A19103F-16F7-4668-BE54-9A1E7A4F7556}") = "Spring_Lab2", "Spring_Lab2\Spring_Lab2.csproj", "{F2A8D1DC-8E6A-4276-A1C2-52669AEF67FD}"
EndProject
Project("{FAE04EC0-301F-11D3-BF4B-00C04F79EFBC}") = "Spring_Lab3", "Spring_Lab3\Spring_Lab3.csproj", "{369A23BB-F2D6-4C09-87DE-16497E6B4774}"
EndProject
Global
	GlobalSection(SolutionConfigurationPlatforms) = preSolution
		Debug|Any CPU = Debug|Any CPU
		Release|Any CPU = Release|Any CPU
	EndGlobalSection
	GlobalSection(ProjectConfigurationPlatforms) = postSolution
		{52D3E68A-47B3-460B-9B4A-AF8BF8F67531}.Debug|Any CPU.ActiveCfg = Debug|Any CPU
		{52D3E68A-47B3-460B-9B4A-AF8BF8F67531}.Debug|Any CPU.Build.0 = Debug|Any CPU
		{52D3E68A-47B3-460B-9B4A-AF8BF8F67531}.Release|Any CPU.ActiveCfg = Release|Any CPU
		{52D3E68A-47B3-460B-9B4A-AF8BF8F67531}.Release|Any CPU.Build.0 = Release|Any CPU
		{25E7409D-C644-4136-8AEB-B1A625CA8876}.Debug|Any CPU.ActiveCfg = Debug|Any CPU
		{25E7409D-C644-4136-8AEB-B1A625CA8876}.Debug|Any CPU.Build.0 = Debug|Any CPU
		{25E7409D-C644-4136-8AEB-B1A625CA8876}.Release|Any CPU.ActiveCfg = Release|Any CPU
		{25E7409D-C644-4136-8AEB-B1A625CA8876}.Release|Any CPU.Build.0 = Release|Any CPU
		{EE8ED323-EBCF-4369-A6FF-DDAC0F449A03}.Debug|Any CPU.ActiveCfg = Debug|Any CPU
		{EE8ED323-EBCF-4369-A6FF-DDAC0F449A03}.Debug|Any CPU.Build.0 = Debug|Any CPU
		{EE8ED323-EBCF-4369-A6FF-DDAC0F449A03}.Release|Any CPU.ActiveCfg = Release|Any CPU
		{EE8ED323-EBCF-4369-A6FF-DDAC0F449A03}.Release|Any CPU.Build.0 = Release|Any CPU
		{3FB70E27-B11D-409C-B801-084922D2B7F5}.Debug|Any CPU.ActiveCfg = Debug|Any CPU
		{3FB70E27-B11D-409C-B801-084922D2B7F5}.Debug|Any CPU.Build.0 = Debug|Any CPU
		{3FB70E27-B11D-409C-B801-084922D2B7F5}.Release|Any CPU.ActiveCfg = Release|Any CPU
		{3FB70E27-B11D-409C-B801-084922D2B7F5}.Release|Any CPU.Build.0 = Release|Any CPU
		{9786E48F-1F03-48DA-B279-396EA47786A7}.Debug|Any CPU.ActiveCfg = Debug|Any CPU
		{9786E48F-1F03-48DA-B279-396EA47786A7}.Debug|Any CPU.Build.0 = Debug|Any CPU
		{9786E48F-1F03-48DA-B279-396EA47786A7}.Release|Any CPU.ActiveCfg = Release|Any CPU
		{9786E48F-1F03-48DA-B279-396EA47786A7}.Release|Any CPU.Build.0 = Release|Any CPU
		{6661F1FF-A665-4B09-B967-7429099FC04B}.Debug|Any CPU.ActiveCfg = Debug|Any CPU
		{6661F1FF-A665-4B09-B967-7429099FC04B}.Debug|Any CPU.Build.0 = Debug|Any CPU
		{6661F1FF-A665-4B09-B967-7429099FC04B}.Release|Any CPU.ActiveCfg = Release|Any CPU
		{6661F1FF-A665-4B09-B967-7429099FC04B}.Release|Any CPU.Build.0 = Release|Any CPU
		{F2A8D1DC-8E6A-4276-A1C2-52669AEF67FD}.Debug|Any CPU.ActiveCfg = Debug|Any CPU
		{F2A8D1DC-8E6A-4276-A1C2-52669AEF67FD}.Debug|Any CPU.Build.0 = Debug|Any CPU
		{F2A8D1DC-8E6A-4276-A1C2-52669AEF67FD}.Release|Any CPU.ActiveCfg = Release|Any CPU
		{F2A8D1DC-8E6A-4276-A1C2-52669AEF67FD}.Release|Any CPU.Build.0 = Release|Any CPU
		{369A23BB-F2D6-4C09-87DE-16497E6B4774}.Debug|Any CPU.ActiveCfg = Debug|Any CPU
		{369A23BB-F2D6-4C09-87DE-16497E6B4774}.Debug|Any CPU.Build.0 = Debug|Any CPU
		{369A23BB-F2D6-4C09-87DE-16497E6B4774}.Release|Any CPU.ActiveCfg = Release|Any CPU
		{369A23BB-F2D6-4C09-87DE-16497E6B4774}.Release|Any CPU.Build.0 = Release|Any CPU
	EndGlobalSection
	GlobalSection(SolutionProperties) = preSolution
		HideSolutionNode = FALSE
	EndGlobalSection
	GlobalSection(ExtensibilityGlobals) = postSolution
		SolutionGuid = {9494D89D-D9E6-4A1A-A4F5-1EF2DEF5449B}
	EndGlobalSection
EndGlobal
